
Microsoft Visual Studio Solution File, Format Version 12.00
# Visual Studio Version 17
VisualStudioVersion = 17.8.34330.188
MinimumVisualStudioVersion = 10.0.40219.1
Project("{FAE04EC0-301F-11D3-BF4B-00C04F79EFBC}") = "ArkanceTest", "ArkanceTest\ArkanceTest.csproj", "{6F4BE14B-A6A1-4668-89AF-2DFF18C903B4}"
EndProject
Global
	GlobalSection(SolutionConfigurationPlatforms) = preSolution
		Debug|Any CPU = Debug|Any CPU
		Release|Any CPU = Release|Any CPU
	EndGlobalSection
	GlobalSection(ProjectConfigurationPlatforms) = postSolution
		{6F4BE14B-A6A1-4668-89AF-2DFF18C903B4}.Debug|Any CPU.ActiveCfg = Debug|Any CPU
		{6F4BE14B-A6A1-4668-89AF-2DFF18C903B4}.Debug|Any CPU.Build.0 = Debug|Any CPU
		{6F4BE14B-A6A1-4668-89AF-2DFF18C903B4}.Release|Any CPU.ActiveCfg = Release|Any CPU
		{6F4BE14B-A6A1-4668-89AF-2DFF18C903B4}.Release|Any CPU.Build.0 = Release|Any CPU
	EndGlobalSection
	GlobalSection(SolutionProperties) = preSolution
		HideSolutionNode = FALSE
	EndGlobalSection
	GlobalSection(ExtensibilityGlobals) = postSolution
		SolutionGuid = {6CDABDEB-1EAD-4148-8AEF-84CAFBDEB2FB}
	EndGlobalSection
EndGlobal
